
Microsoft Visual Studio Solution File, Format Version 12.00
# Visual Studio 15
VisualStudioVersion = 15.0.27130.2010
MinimumVisualStudioVersion = 10.0.40219.1
Project("{8BC9CEB8-8B4A-11D0-8D11-00A0C91BC942}") = "telephone-billing", "telephone-billing.vcxproj", "{19EE4187-DA1A-473C-8225-F90935B5B7F4}"
EndProject
Global
	GlobalSection(SolutionConfigurationPlatforms) = preSolution
		Debug|x64 = Debug|x64
		Debug|x86 = Debug|x86
		Release|x64 = Release|x64
		Release|x86 = Release|x86
	EndGlobalSection
	GlobalSection(ProjectConfigurationPlatforms) = postSolution
		{19EE4187-DA1A-473C-8225-F90935B5B7F4}.Debug|x64.ActiveCfg = Debug|x64
		{19EE4187-DA1A-473C-8225-F90935B5B7F4}.Debug|x64.Build.0 = Debug|x64
		{19EE4187-DA1A-473C-8225-F90935B5B7F4}.Debug|x86.ActiveCfg = Debug|Win32
		{19EE4187-DA1A-473C-8225-F90935B5B7F4}.Debug|x86.Build.0 = Debug|Win32
		{19EE4187-DA1A-473C-8225-F90935B5B7F4}.Release|x64.ActiveCfg = Release|x64
		{19EE4187-DA1A-473C-8225-F90935B5B7F4}.Release|x64.Build.0 = Release|x64
		{19EE4187-DA1A-473C-8225-F90935B5B7F4}.Release|x86.ActiveCfg = Release|Win32
		{19EE4187-DA1A-473C-8225-F90935B5B7F4}.Release|x86.Build.0 = Release|Win32
	EndGlobalSection
	GlobalSection(SolutionProperties) = preSolution
		HideSolutionNode = FALSE
	EndGlobalSection
	GlobalSection(ExtensibilityGlobals) = postSolution
		SolutionGuid = {49201863-F56C-4EC3-8BB0-3E5EBF2EA577}
	EndGlobalSection
EndGlobal
